PODS:
  - Nimble (7.3.4)
  - Quick (1.2.0)
  - Ztopwatch (0.1.0)

DEPENDENCIES:
  - Nimble (~> 7.0)
  - Quick (~> 1.2.0)
  - Ztopwatch (from `../`)

SPEC REPOS:
  https://github.com/cocoapods/specs.git:
    - Nimble
    - Quick

EXTERNAL SOURCES:
  Ztopwatch:
    :path: "../"

SPEC CHECKSUMS:
  Nimble: 051e3d8912d40138fa5591c78594f95fb172af37
  Quick: 58d203b1c5e27fff7229c4c1ae445ad7069a7a08
  Ztopwatch: 22757ed135c6e6c98e103ae74a91480aa307fa7a

PODFILE CHECKSUM: 69fff8e8efa98de56d9f68d0bf77db87fb7c398f

COCOAPODS: 1.5.3
